// !$*UTF8*$!
{
	archiveVersion = 1;
	classes = {
	};
	objectVersion = 46;
	objects = {

/* Begin PBXBuildFile section */
		437F605817D0F94A00B27541 /* Cocoa.framework in Frameworks */ = {isa = PBXBuildFile; fileRef = 437F605717D0F94A00B27541 /* Cocoa.framework */; };
		437F606217D0F94A00B27541 /* InfoPlist.strings in Resources */ = {isa = PBXBuildFile; fileRef = 437F606017D0F94A00B27541 /* InfoPlist.strings */; };
		437F606417D0F94A00B27541 /* main.m in Sources */ = {isa = PBXBuildFile; fileRef = 437F606317D0F94A00B27541 /* main.m */; };
		437F606817D0F94A00B27541 /* Credits.rtf in Resources */ = {isa = PBXBuildFile; fileRef = 437F606617D0F94A00B27541 /* Credits.rtf */; };
		437F606B17D0F94A00B27541 /* AppDelegate.m in Sources */ = {isa = PBXBuildFile; fileRef = 437F606A17D0F94A00B27541 /* AppDelegate.m */; };
		437F606E17D0F94A00B27541 /* MainMenu.xib in Resources */ = {isa = PBXBuildFile; fileRef = 437F606C17D0F94A00B27541 /* MainMenu.xib */; };
		437F607517D100FF00B27541 /* images.tar in Resources */ = {isa = PBXBuildFile; fileRef = 437F607417D100FF00B27541 /* images.tar */; };
		437F607B17D169C400B27541 /* Cocoa.framework in Frameworks */ = {isa = PBXBuildFile; fileRef = 437F605717D0F94A00B27541 /* Cocoa.framework */; };
		437F608117D169C400B27541 /* TPArchive.m in Sources */ = {isa = PBXBuildFile; fileRef = 437F608017D169C400B27541 /* TPArchive.m */; };
		437F608717D16BB800B27541 /* libTarPngMac.a in Frameworks */ = {isa = PBXBuildFile; fileRef = 437F607A17D169C400B27541 /* libTarPngMac.a */; };
		437F608A17D16E7000B27541 /* TPMultiArchive.h in Headers */ = {isa = PBXBuildFile; fileRef = 437F608817D16E7000B27541 /* TPMultiArchive.h */; };
		437F608B17D16E7000B27541 /* TPMultiArchive.m in Sources */ = {isa = PBXBuildFile; fileRef = 437F608917D16E7000B27541 /* TPMultiArchive.m */; };
		43D9BCC719AFD9E9001E630B /* Foundation.framework in Frameworks */ = {isa = PBXBuildFile; fileRef = 43D9BCC619AFD9E9001E630B /* Foundation.framework */; };
		43D9BCEB19AFD9FC001E630B /* TPArchive.m in Sources */ = {isa = PBXBuildFile; fileRef = 437F608017D169C400B27541 /* TPArchive.m */; };
		43D9BCF219AFDAEE001E630B /* TPMultiArchive.m in Sources */ = {isa = PBXBuildFile; fileRef = 437F608917D16E7000B27541 /* TPMultiArchive.m */; };
/* End PBXBuildFile section */

/* Begin PBXContainerItemProxy section */
		437F608517D16BB100B27541 /* PBXContainerItemProxy */ = {
			isa = PBXContainerItemProxy;
			containerPortal = 437F604C17D0F94A00B27541 /* Project object */;
			proxyType = 1;
			remoteGlobalIDString = 437F607917D169C400B27541;
			remoteInfo = TarPngMac;
		};
/* End PBXContainerItemProxy section */

/* Begin PBXCopyFilesBuildPhase section */
		43D9BCC319AFD9E9001E630B /* CopyFiles */ = {
			isa = PBXCopyFilesBuildPhase;
			buildActionMask = 2147483647;
			dstPath = "include/$(PRODUCT_NAME)";
			dstSubfolderSpec = 16;
			files = (
			);
			runOnlyForDeploymentPostprocessing = 0;
		};
/* End PBXCopyFilesBuildPhase section */

/* Begin PBXFileReference section */
		437F605417D0F94A00B27541 /* TarPngExample.app */ = {isa = PBXFileReference; explicitFileType = wrapper.application; includeInIndex = 0; path = TarPngExample.app; sourceTree = BUILT_PRODUCTS_DIR; };
		437F605717D0F94A00B27541 /* Cocoa.framework */ = {isa = PBXFileReference; lastKnownFileType = wrapper.framework; name = Cocoa.framework; path = System/Library/Frameworks/Cocoa.framework; sourceTree = SDKROOT; };
		437F605A17D0F94A00B27541 /* AppKit.framework */ = {isa = PBXFileReference; lastKnownFileType = wrapper.framework; name = AppKit.framework; path = System/Library/Frameworks/AppKit.framework; sourceTree = SDKROOT; };
		437F605B17D0F94A00B27541 /* CoreData.framework */ = {isa = PBXFileReference; lastKnownFileType = wrapper.framework; name = CoreData.framework; path = System/Library/Frameworks/CoreData.framework; sourceTree = SDKROOT; };
		437F605C17D0F94A00B27541 /* Foundation.framework */ = {isa = PBXFileReference; lastKnownFileType = wrapper.framework; name = Foundation.framework; path = System/Library/Frameworks/Foundation.framework; sourceTree = SDKROOT; };
		437F605F17D0F94A00B27541 /* TarPng-Info.plist */ = {isa = PBXFileReference; lastKnownFileType = text.plist.xml; path = "TarPng-Info.plist"; sourceTree = "<group>"; };
		437F606117D0F94A00B27541 /* en */ = {isa = PBXFileReference; lastKnownFileType = text.plist.strings; name = en; path = en.lproj/InfoPlist.strings; sourceTree = "<group>"; };
		437F606317D0F94A00B27541 /* main.m */ = {isa = PBXFileReference; lastKnownFileType = sourcecode.c.objc; path = main.m; sourceTree = "<group>"; };
		437F606517D0F94A00B27541 /* TarPng-Prefix.pch */ = {isa = PBXFileReference; lastKnownFileType = sourcecode.c.h; path = "TarPng-Prefix.pch"; sourceTree = "<group>"; };
		437F606717D0F94A00B27541 /* en */ = {isa = PBXFileReference; lastKnownFileType = text.rtf; name = en; path = en.lproj/Credits.rtf; sourceTree = "<group>"; };
		437F606917D0F94A00B27541 /* AppDelegate.h */ = {isa = PBXFileReference; lastKnownFileType = sourcecode.c.h; path = AppDelegate.h; sourceTree = "<group>"; };
		437F606A17D0F94A00B27541 /* AppDelegate.m */ = {isa = PBXFileReference; lastKnownFileType = sourcecode.c.objc; path = AppDelegate.m; sourceTree = "<group>"; };
		437F606D17D0F94A00B27541 /* en */ = {isa = PBXFileReference; lastKnownFileType = file.xib; name = en; path = en.lproj/MainMenu.xib; sourceTree = "<group>"; };
		437F607417D100FF00B27541 /* images.tar */ = {isa = PBXFileReference; lastKnownFileType = archive.tar; path = images.tar; sourceTree = "<group>"; };
		437F607A17D169C400B27541 /* libTarPngMac.a */ = {isa = PBXFileReference; explicitFileType = archive.ar; includeInIndex = 0; path = libTarPngMac.a; sourceTree = BUILT_PRODUCTS_DIR; };
		437F607E17D169C400B27541 /* TarPngMac-Prefix.pch */ = {isa = PBXFileReference; lastKnownFileType = sourcecode.c.h; path = "TarPngMac-Prefix.pch"; sourceTree = "<group>"; };
		437F607F17D169C400B27541 /* TPArchive.h */ = {isa = PBXFileReference; lastKnownFileType = sourcecode.c.h; path = TPArchive.h; sourceTree = "<group>"; };
		437F608017D169C400B27541 /* TPArchive.m */ = {isa = PBXFileReference; lastKnownFileType = sourcecode.c.objc; path = TPArchive.m; sourceTree = "<group>"; };
		437F608817D16E7000B27541 /* TPMultiArchive.h */ = {isa = PBXFileReference; fileEncoding = 4; lastKnownFileType = sourcecode.c.h; path = TPMultiArchive.h; sourceTree = "<group>"; };
		437F608917D16E7000B27541 /* TPMultiArchive.m */ = {isa = PBXFileReference; fileEncoding = 4; lastKnownFileType = sourcecode.c.objc; path = TPMultiArchive.m; sourceTree = "<group>"; };
		43D9BCC519AFD9E9001E630B /* libTarPngIOS.a */ = {isa = PBXFileReference; explicitFileType = archive.ar; includeInIndex = 0; path = libTarPngIOS.a; sourceTree = BUILT_PRODUCTS_DIR; };
		43D9BCC619AFD9E9001E630B /* Foundation.framework */ = {isa = PBXFileReference; lastKnownFileType = wrapper.framework; name = Foundation.framework; path = System/Library/Frameworks/Foundation.framework; sourceTree = SDKROOT; };
		43D9BCCA19AFD9E9001E630B /* TarPngIOS-Prefix.pch */ = {isa = PBXFileReference; lastKnownFileType = sourcecode.c.h; path = "TarPngIOS-Prefix.pch"; sourceTree = "<group>"; };
		43D9BCD419AFD9E9001E630B /* XCTest.framework */ = {isa = PBXFileReference; lastKnownFileType = wrapper.framework; name = XCTest.framework; path = Library/Frameworks/XCTest.framework; sourceTree = DEVELOPER_DIR; };
		43D9BCD719AFD9E9001E630B /* UIKit.framework */ = {isa = PBXFileReference; lastKnownFileType = wrapper.framework; name = UIKit.framework; path = Library/Frameworks/UIKit.framework; sourceTree = DEVELOPER_DIR; };
		43D9BCDE19AFD9E9001E630B /* TarPngIOSTests-Info.plist */ = {isa = PBXFileReference; lastKnownFileType = text.plist.xml; path = "TarPngIOSTests-Info.plist"; sourceTree = "<group>"; };
		43D9BCE019AFD9E9001E630B /* en */ = {isa = PBXFileReference; lastKnownFileType = text.plist.strings; name = en; path = en.lproj/InfoPlist.strings; sourceTree = "<group>"; };
		43D9BCE219AFD9E9001E630B /* TarPngIOSTests.m */ = {isa = PBXFileReference; lastKnownFileType = sourcecode.c.objc; path = TarPngIOSTests.m; sourceTree = "<group>"; };
/* End PBXFileReference section */

/* Begin PBXFrameworksBuildPhase section */
		437F605117D0F94A00B27541 /* Frameworks */ = {
			isa = PBXFrameworksBuildPhase;
			buildActionMask = 2147483647;
			files = (
				437F608717D16BB800B27541 /* libTarPngMac.a in Frameworks */,
				437F605817D0F94A00B27541 /* Cocoa.framework in Frameworks */,
			);
			runOnlyForDeploymentPostprocessing = 0;
		};
		437F607717D169C400B27541 /* Frameworks */ = {
			isa = PBXFrameworksBuildPhase;
			buildActionMask = 2147483647;
			files = (
				437F607B17D169C400B27541 /* Cocoa.framework in Frameworks */,
			);
			runOnlyForDeploymentPostprocessing = 0;
		};
		43D9BCC219AFD9E9001E630B /* Frameworks */ = {
			isa = PBXFrameworksBuildPhase;
			buildActionMask = 2147483647;
			files = (
				43D9BCC719AFD9E9001E630B /* Foundation.framework in Frameworks */,
			);
			runOnlyForDeploymentPostprocessing = 0;
		};
/* End PBXFrameworksBuildPhase section */

/* Begin PBXGroup section */
		437F604B17D0F94A00B27541 = {
			isa = PBXGroup;
			children = (
				437F605D17D0F94A00B27541 /* TarPngExample */,
				437F607C17D169C400B27541 /* TarPngMac */,
				43D9BCC819AFD9E9001E630B /* TarPngIOS */,
				43D9BCDC19AFD9E9001E630B /* TarPngIOSTests */,
				437F605617D0F94A00B27541 /* Frameworks */,
				437F605517D0F94A00B27541 /* Products */,
			);
			sourceTree = "<group>";
		};
		437F605517D0F94A00B27541 /* Products */ = {
			isa = PBXGroup;
			children = (
				437F605417D0F94A00B27541 /* TarPngExample.app */,
				437F607A17D169C400B27541 /* libTarPngMac.a */,
				43D9BCC519AFD9E9001E630B /* libTarPngIOS.a */,
			);
			name = Products;
			sourceTree = "<group>";
		};
		437F605617D0F94A00B27541 /* Frameworks */ = {
			isa = PBXGroup;
			children = (
				437F605717D0F94A00B27541 /* Cocoa.framework */,
				43D9BCC619AFD9E9001E630B /* Foundation.framework */,
				43D9BCD419AFD9E9001E630B /* XCTest.framework */,
				43D9BCD719AFD9E9001E630B /* UIKit.framework */,
				437F605917D0F94A00B27541 /* Other Frameworks */,
			);
			name = Frameworks;
			sourceTree = "<group>";
		};
		437F605917D0F94A00B27541 /* Other Frameworks */ = {
			isa = PBXGroup;
			children = (
				437F605A17D0F94A00B27541 /* AppKit.framework */,
				437F605B17D0F94A00B27541 /* CoreData.framework */,
				437F605C17D0F94A00B27541 /* Foundation.framework */,
			);
			name = "Other Frameworks";
			sourceTree = "<group>";
		};
		437F605D17D0F94A00B27541 /* TarPngExample */ = {
			isa = PBXGroup;
			children = (
				437F607417D100FF00B27541 /* images.tar */,
				437F606917D0F94A00B27541 /* AppDelegate.h */,
				437F606A17D0F94A00B27541 /* AppDelegate.m */,
				437F606C17D0F94A00B27541 /* MainMenu.xib */,
				437F605E17D0F94A00B27541 /* Supporting Files */,
			);
			path = TarPngExample;
			sourceTree = "<group>";
		};
		437F605E17D0F94A00B27541 /* Supporting Files */ = {
			isa = PBXGroup;
			children = (
				437F605F17D0F94A00B27541 /* TarPng-Info.plist */,
				437F606017D0F94A00B27541 /* InfoPlist.strings */,
				437F606317D0F94A00B27541 /* main.m */,
				437F606517D0F94A00B27541 /* TarPng-Prefix.pch */,
				437F606617D0F94A00B27541 /* Credits.rtf */,
			);
			name = "Supporting Files";
			sourceTree = "<group>";
		};
		437F607C17D169C400B27541 /* TarPngMac */ = {
			isa = PBXGroup;
			children = (
				437F608817D16E7000B27541 /* TPMultiArchive.h */,
				437F608917D16E7000B27541 /* TPMultiArchive.m */,
				437F607F17D169C400B27541 /* TPArchive.h */,
				437F608017D169C400B27541 /* TPArchive.m */,
				437F607D17D169C400B27541 /* Supporting Files */,
			);
			path = TarPngMac;
			sourceTree = "<group>";
		};
		437F607D17D169C400B27541 /* Supporting Files */ = {
			isa = PBXGroup;
			children = (
				437F607E17D169C400B27541 /* TarPngMac-Prefix.pch */,
			);
			name = "Supporting Files";
			sourceTree = "<group>";
		};
		43D9BCC819AFD9E9001E630B /* TarPngIOS */ = {
			isa = PBXGroup;
			children = (
				43D9BCC919AFD9E9001E630B /* Supporting Files */,
			);
			path = TarPngIOS;
			sourceTree = "<group>";
		};
		43D9BCC919AFD9E9001E630B /* Supporting Files */ = {
			isa = PBXGroup;
			children = (
				43D9BCCA19AFD9E9001E630B /* TarPngIOS-Prefix.pch */,
			);
			name = "Supporting Files";
			sourceTree = "<group>";
		};
		43D9BCDC19AFD9E9001E630B /* TarPngIOSTests */ = {
			isa = PBXGroup;
			children = (
				43D9BCE219AFD9E9001E630B /* TarPngIOSTests.m */,
				43D9BCDD19AFD9E9001E630B /* Supporting Files */,
			);
			path = TarPngIOSTests;
			sourceTree = "<group>";
		};
		43D9BCDD19AFD9E9001E630B /* Supporting Files */ = {
			isa = PBXGroup;
			children = (
				43D9BCDE19AFD9E9001E630B /* TarPngIOSTests-Info.plist */,
				43D9BCDF19AFD9E9001E630B /* InfoPlist.strings */,
			);
			name = "Supporting Files";
			sourceTree = "<group>";
		};
/* End PBXGroup section */

/* Begin PBXHeadersBuildPhase section */
		437F607817D169C400B27541 /* Headers */ = {
			isa = PBXHeadersBuildPhase;
			buildActionMask = 2147483647;
			files = (
				437F608A17D16E7000B27541 /* TPMultiArchive.h in Headers */,
			);
			runOnlyForDeploymentPostprocessing = 0;
		};
/* End PBXHeadersBuildPhase section */

/* Begin PBXNativeTarget section */
		437F605317D0F94A00B27541 /* TarPngExample */ = {
			isa = PBXNativeTarget;
			buildConfigurationList = 437F607117D0F94A00B27541 /* Build configuration list for PBXNativeTarget "TarPngExample" */;
			buildPhases = (
				437F605017D0F94A00B27541 /* Sources */,
				437F605117D0F94A00B27541 /* Frameworks */,
				437F605217D0F94A00B27541 /* Resources */,
			);
			buildRules = (
			);
			dependencies = (
				437F608617D16BB100B27541 /* PBXTargetDependency */,
			);
			name = TarPngExample;
			productName = TarPng;
			productReference = 437F605417D0F94A00B27541 /* TarPngExample.app */;
			productType = "com.apple.product-type.application";
		};
		437F607917D169C400B27541 /* TarPngMac */ = {
			isa = PBXNativeTarget;
			buildConfigurationList = 437F608217D169C400B27541 /* Build configuration list for PBXNativeTarget "TarPngMac" */;
			buildPhases = (
				437F607617D169C400B27541 /* Sources */,
				437F607717D169C400B27541 /* Frameworks */,
				437F607817D169C400B27541 /* Headers */,
			);
			buildRules = (
			);
			dependencies = (
			);
			name = TarPngMac;
			productName = TarPngMac;
			productReference = 437F607A17D169C400B27541 /* libTarPngMac.a */;
			productType = "com.apple.product-type.library.static";
		};
		43D9BCC419AFD9E9001E630B /* TarPngIOS */ = {
			isa = PBXNativeTarget;
			buildConfigurationList = 43D9BCE819AFD9E9001E630B /* Build configuration list for PBXNativeTarget "TarPngIOS" */;
			buildPhases = (
				43D9BCC119AFD9E9001E630B /* Sources */,
				43D9BCC219AFD9E9001E630B /* Frameworks */,
				43D9BCC319AFD9E9001E630B /* CopyFiles */,
			);
			buildRules = (
			);
			dependencies = (
			);
			name = TarPngIOS;
			productName = TarPngIOS;
			productReference = 43D9BCC519AFD9E9001E630B /* libTarPngIOS.a */;
			productType = "com.apple.product-type.library.static";
		};
/* End PBXNativeTarget section */

/* Begin PBXProject section */
		437F604C17D0F94A00B27541 /* Project object */ = {
			isa = PBXProject;
			attributes = {
				LastUpgradeCheck = 0460;
				ORGANIZATIONNAME = "Aaron Clarke";
			};
			buildConfigurationList = 437F604F17D0F94A00B27541 /* Build configuration list for PBXProject "TarPng" */;
			compatibilityVersion = "Xcode 3.2";
			developmentRegion = English;
			hasScannedForEncodings = 0;
			knownRegions = (
				en,
			);
			mainGroup = 437F604B17D0F94A00B27541;
			productRefGroup = 437F605517D0F94A00B27541 /* Products */;
			projectDirPath = "";
			projectRoot = "";
			targets = (
				437F605317D0F94A00B27541 /* TarPngExample */,
				437F607917D169C400B27541 /* TarPngMac */,
				43D9BCC419AFD9E9001E630B /* TarPngIOS */,
			);
		};
/* End PBXProject section */

/* Begin PBXResourcesBuildPhase section */
		437F605217D0F94A00B27541 /* Resources */ = {
			isa = PBXResourcesBuildPhase;
			buildActionMask = 2147483647;
			files = (
				437F606217D0F94A00B27541 /* InfoPlist.strings in Resources */,
				437F606817D0F94A00B27541 /* Credits.rtf in Resources */,
				437F606E17D0F94A00B27541 /* MainMenu.xib in Resources */,
				437F607517D100FF00B27541 /* images.tar in Resources */,
			);
			runOnlyForDeploymentPostprocessing = 0;
		};
/* End PBXResourcesBuildPhase section */

/* Begin PBXSourcesBuildPhase section */
		437F605017D0F94A00B27541 /* Sources */ = {
			isa = PBXSourcesBuildPhase;
			buildActionMask = 2147483647;
			files = (
				437F606417D0F94A00B27541 /* main.m in Sources */,
				437F606B17D0F94A00B27541 /* AppDelegate.m in Sources */,
			);
			runOnlyForDeploymentPostprocessing = 0;
		};
		437F607617D169C400B27541 /* Sources */ = {
			isa = PBXSourcesBuildPhase;
			buildActionMask = 2147483647;
			files = (
				437F608117D169C400B27541 /* TPArchive.m in Sources */,
				437F608B17D16E7000B27541 /* TPMultiArchive.m in Sources */,
			);
			runOnlyForDeploymentPostprocessing = 0;
		};
		43D9BCC119AFD9E9001E630B /* Sources */ = {
			isa = PBXSourcesBuildPhase;
			buildActionMask = 2147483647;
			files = (
				43D9BCF219AFDAEE001E630B /* TPMultiArchive.m in Sources */,
				43D9BCEB19AFD9FC001E630B /* TPArchive.m in Sources */,
			);
			runOnlyForDeploymentPostprocessing = 0;
		};
/* End PBXSourcesBuildPhase section */

/* Begin PBXTargetDependency section */
		437F608617D16BB100B27541 /* PBXTargetDependency */ = {
			isa = PBXTargetDependency;
			target = 437F607917D169C400B27541 /* TarPngMac */;
			targetProxy = 437F608517D16BB100B27541 /* PBXContainerItemProxy */;
		};
/* End PBXTargetDependency section */

/* Begin PBXVariantGroup section */
		437F606017D0F94A00B27541 /* InfoPlist.strings */ = {
			isa = PBXVariantGroup;
			children = (
				437F606117D0F94A00B27541 /* en */,
			);
			name = InfoPlist.strings;
			sourceTree = "<group>";
		};
		437F606617D0F94A00B27541 /* Credits.rtf */ = {
			isa = PBXVariantGroup;
			children = (
				437F606717D0F94A00B27541 /* en */,
			);
			name = Credits.rtf;
			sourceTree = "<group>";
		};
		437F606C17D0F94A00B27541 /* MainMenu.xib */ = {
			isa = PBXVariantGroup;
			children = (
				437F606D17D0F94A00B27541 /* en */,
			);
			name = MainMenu.xib;
			sourceTree = "<group>";
		};
		43D9BCDF19AFD9E9001E630B /* InfoPlist.strings */ = {
			isa = PBXVariantGroup;
			children = (
				43D9BCE019AFD9E9001E630B /* en */,
			);
			name = InfoPlist.strings;
			sourceTree = "<group>";
		};
/* End PBXVariantGroup section */

/* Begin XCBuildConfiguration section */
		437F606F17D0F94A00B27541 /* Debug */ = {
			isa = XCBuildConfiguration;
			buildSettings = {
				ALWAYS_SEARCH_USER_PATHS = NO;
				ARCHS = "$(ARCHS_STANDARD_64_BIT)";
				CLANG_CXX_LANGUAGE_STANDARD = "gnu++0x";
				CLANG_CXX_LIBRARY = "libc++";
				CLANG_WARN_CONSTANT_CONVERSION = YES;
				CLANG_WARN_EMPTY_BODY = YES;
				CLANG_WARN_ENUM_CONVERSION = YES;
				CLANG_WARN_INT_CONVERSION = YES;
				CLANG_WARN__DUPLICATE_METHOD_MATCH = YES;
				COPY_PHASE_STRIP = NO;
				GCC_C_LANGUAGE_STANDARD = gnu99;
				GCC_DYNAMIC_NO_PIC = NO;
				GCC_ENABLE_OBJC_EXCEPTIONS = YES;
				GCC_OPTIMIZATION_LEVEL = 0;
				GCC_PREPROCESSOR_DEFINITIONS = (
					"DEBUG=1",
					"$(inherited)",
				);
				GCC_SYMBOLS_PRIVATE_EXTERN = NO;
				GCC_WARN_64_TO_32_BIT_CONVERSION = YES;
				GCC_WARN_ABOUT_RETURN_TYPE = YES;
				GCC_WARN_UNINITIALIZED_AUTOS = YES;
				GCC_WARN_UNUSED_VARIABLE = YES;
				MACOSX_DEPLOYMENT_TARGET = 10.7;
				ONLY_ACTIVE_ARCH = YES;
				SDKROOT = macosx;
			};
			name = Debug;
		};
		437F607017D0F94A00B27541 /* Release */ = {
			isa = XCBuildConfiguration;
			buildSettings = {
				ALWAYS_SEARCH_USER_PATHS = NO;
				ARCHS = "$(ARCHS_STANDARD_64_BIT)";
				CLANG_CXX_LANGUAGE_STANDARD = "gnu++0x";
				CLANG_CXX_LIBRARY = "libc++";
				CLANG_WARN_CONSTANT_CONVERSION = YES;
				CLANG_WARN_EMPTY_BODY = YES;
				CLANG_WARN_ENUM_CONVERSION = YES;
				CLANG_WARN_INT_CONVERSION = YES;
				CLANG_WARN__DUPLICATE_METHOD_MATCH = YES;
				COPY_PHASE_STRIP = YES;
				DEBUG_INFORMATION_FORMAT = "dwarf-with-dsym";
				GCC_C_LANGUAGE_STANDARD = gnu99;
				GCC_ENABLE_OBJC_EXCEPTIONS = YES;
				GCC_WARN_64_TO_32_BIT_CONVERSION = YES;
				GCC_WARN_ABOUT_RETURN_TYPE = YES;
				GCC_WARN_UNINITIALIZED_AUTOS = YES;
				GCC_WARN_UNUSED_VARIABLE = YES;
				MACOSX_DEPLOYMENT_TARGET = 10.7;
				SDKROOT = macosx;
			};
			name = Release;
		};
		437F607217D0F94A00B27541 /* Debug */ = {
			isa = XCBuildConfiguration;
			buildSettings = {
				COMBINE_HIDPI_IMAGES = YES;
				GCC_PRECOMPILE_PREFIX_HEADER = YES;
				GCC_PREFIX_HEADER = "TarPngExample/TarPng-Prefix.pch";
				INFOPLIST_FILE = "TarPngExample/TarPng-Info.plist";
				PRODUCT_NAME = "$(TARGET_NAME)";
				WRAPPER_EXTENSION = app;
			};
			name = Debug;
		};
		437F607317D0F94A00B27541 /* Release */ = {
			isa = XCBuildConfiguration;
			buildSettings = {
				COMBINE_HIDPI_IMAGES = YES;
				GCC_PRECOMPILE_PREFIX_HEADER = YES;
				GCC_PREFIX_HEADER = "TarPngExample/TarPng-Prefix.pch";
				INFOPLIST_FILE = "TarPngExample/TarPng-Info.plist";
				PRODUCT_NAME = "$(TARGET_NAME)";
				WRAPPER_EXTENSION = app;
			};
			name = Release;
		};
		437F608317D169C400B27541 /* Debug */ = {
			isa = XCBuildConfiguration;
			buildSettings = {
				GCC_PRECOMPILE_PREFIX_HEADER = YES;
				GCC_PREFIX_HEADER = "TarPngMac/TarPngMac-Prefix.pch";
				GCC_PREPROCESSOR_DEFINITIONS = (
					"TARPNG_TARGET_MAC=1",
					"DEBUG=1",
				);
				PRODUCT_NAME = "$(TARGET_NAME)";
			};
			name = Debug;
		};
		437F608417D169C400B27541 /* Release */ = {
			isa = XCBuildConfiguration;
			buildSettings = {
				GCC_PRECOMPILE_PREFIX_HEADER = YES;
				GCC_PREFIX_HEADER = "TarPngMac/TarPngMac-Prefix.pch";
				GCC_PREPROCESSOR_DEFINITIONS = TARPNG_TARGET_MAC;
				PRODUCT_NAME = "$(TARGET_NAME)";
			};
			name = Release;
		};
		43D9BCE419AFD9E9001E630B /* Debug */ = {
			isa = XCBuildConfiguration;
			buildSettings = {
				ARCHS = "$(ARCHS_STANDARD)";
				CLANG_ENABLE_MODULES = YES;
				CLANG_ENABLE_OBJC_ARC = NO;
				CLANG_WARN_BOOL_CONVERSION = YES;
				CLANG_WARN_DIRECT_OBJC_ISA_USAGE = YES_ERROR;
				CLANG_WARN_OBJC_ROOT_CLASS = YES_ERROR;
				DSTROOT = /tmp/TarPngIOS.dst;
				GCC_PRECOMPILE_PREFIX_HEADER = YES;
				GCC_PREFIX_HEADER = "TarPngIOS/TarPngIOS-Prefix.pch";
				GCC_PREPROCESSOR_DEFINITIONS = (
					"TARPNG_TARGET_IOS=1",
					"DEBUG=1",
				);
				GCC_WARN_ABOUT_RETURN_TYPE = YES_ERROR;
				GCC_WARN_UNDECLARED_SELECTOR = YES;
				GCC_WARN_UNINITIALIZED_AUTOS = YES_AGGRESSIVE;
				GCC_WARN_UNUSED_FUNCTION = YES;
				IPHONEOS_DEPLOYMENT_TARGET = 7.1;
				OTHER_LDFLAGS = "-ObjC";
				PRODUCT_NAME = "$(TARGET_NAME)";
				SDKROOT = iphoneos;
				SKIP_INSTALL = YES;
			};
			name = Debug;
		};
		43D9BCE519AFD9E9001E630B /* Release */ = {
			isa = XCBuildConfiguration;
			buildSettings = {
				ARCHS = "$(ARCHS_STANDARD)";
				CLANG_ENABLE_MODULES = YES;
				CLANG_ENABLE_OBJC_ARC = NO;
				CLANG_WARN_BOOL_CONVERSION = YES;
				CLANG_WARN_DIRECT_OBJC_ISA_USAGE = YES_ERROR;
				CLANG_WARN_OBJC_ROOT_CLASS = YES_ERROR;
				DSTROOT = /tmp/TarPngIOS.dst;
				ENABLE_NS_ASSERTIONS = NO;
				GCC_PRECOMPILE_PREFIX_HEADER = YES;
				GCC_PREFIX_HEADER = "TarPngIOS/TarPngIOS-Prefix.pch";
				GCC_PREPROCESSOR_DEFINITIONS = TARPNG_TARGET_IOS;
				GCC_WARN_ABOUT_RETURN_TYPE = YES_ERROR;
				GCC_WARN_UNDECLARED_SELECTOR = YES;
				GCC_WARN_UNINITIALIZED_AUTOS = YES_AGGRESSIVE;
				GCC_WARN_UNUSED_FUNCTION = YES;
				IPHONEOS_DEPLOYMENT_TARGET = 7.1;
				OTHER_LDFLAGS = "-ObjC";
				PRODUCT_NAME = "$(TARGET_NAME)";
				SDKROOT = iphoneos;
				SKIP_INSTALL = YES;
				VALIDATE_PRODUCT = YES;
			};
			name = Release;
		};
/* End XCBuildConfiguration section */

/* Begin XCConfigurationList section */
		437F604F17D0F94A00B27541 /* Build configuration list for PBXProject "TarPng" */ = {
			isa = XCConfigurationList;
			buildConfigurations = (
				437F606F17D0F94A00B27541 /* Debug */,
				437F607017D0F94A00B27541 /* Release */,
			);
			defaultConfigurationIsVisible = 0;
			defaultConfigurationName = Release;
		};
		437F607117D0F94A00B27541 /* Build configuration list for PBXNativeTarget "TarPngExample" */ = {
			isa = XCConfigurationList;
			buildConfigurations = (
				437F607217D0F94A00B27541 /* Debug */,
				437F607317D0F94A00B27541 /* Release */,
			);
			defaultConfigurationIsVisible = 0;
			defaultConfigurationName = Release;
		};
		437F608217D169C400B27541 /* Build configuration list for PBXNativeTarget "TarPngMac" */ = {
			isa = XCConfigurationList;
			buildConfigurations = (
				437F608317D169C400B27541 /* Debug */,
				437F608417D169C400B27541 /* Release */,
			);
			defaultConfigurationIsVisible = 0;
			defaultConfigurationName = Release;
		};
		43D9BCE819AFD9E9001E630B /* Build configuration list for PBXNativeTarget "TarPngIOS" */ = {
			isa = XCConfigurationList;
			buildConfigurations = (
				43D9BCE419AFD9E9001E630B /* Debug */,
				43D9BCE519AFD9E9001E630B /* Release */,
			);
			defaultConfigurationIsVisible = 0;
		};
/* End XCConfigurationList section */
	};
	rootObject = 437F604C17D0F94A00B27541 /* Project object */;
}
